github.com/willfaught/paige v0.92.0 h1:6vW2y31Z9Kf2l0M1U56GmqXz3ldtFU66rtaA4RGqXT0=
github.com/willfaught/paige v0.92.0/go.mod h1:0Nt8ifl7UVYQIBaMtpZmg+BrQHHzFNqKcrBoA2Oo4/E=
github.com/willfaught/paige v0.110.4 h1:bNEhuDW+lDkhNQIGB0JbHtisQctlYUib7I1gGAUzBx0=
github.com/willfaught/paige v0.110.4/go.mod h1:0Nt8ifl7UVYQIBaMtpZmg+BrQHHzFNqKcrBoA2Oo4/E=
